// !$*UTF8*$!
{
	archiveVersion = 1;
	classes = {
	};
	objectVersion = 56;
	objects = {

/* Begin PBXBuildFile section */
		C287A8B52E54D76C001CC295 /* TennisMotionApp.swift in Sources */ = {isa = PBXBuildFile; fileRef = C287A8B42E54D76C001CC295 /* TennisMotionApp.swift */; };
		C287A8B72E54D76C001CC295 /* ContentView.swift in Sources */ = {isa = PBXBuildFile; fileRef = C287A8B62E54D76C001CC295 /* ContentView.swift */; };
		C287A8B92E54D770001CC295 /* Assets.xcassets in Resources */ = {isa = PBXBuildFile; fileRef = C287A8B82E54D770001CC295 /* Assets.xcassets */; };
		C287A8BC2E54D770001CC295 /* Preview Assets.xcassets in Resources */ = {isa = PBXBuildFile; fileRef = C287A8BB2E54D770001CC295 /* Preview Assets.xcassets */; };
		C2B514D82E56486D003CE9CE /* TennisMotion_iOS_AppApp.swift in Sources */ = {isa = PBXBuildFile; fileRef = C2B514D72E56486D003CE9CE /* TennisMotion_iOS_AppApp.swift */; };
		C2B514DA2E56486D003CE9CE /* ContentView.swift in Sources */ = {isa = PBXBuildFile; fileRef = C2B514D92E56486D003CE9CE /* ContentView.swift */; };
		C2B514DC2E564870003CE9CE /* Assets.xcassets in Resources */ = {isa = PBXBuildFile; fileRef = C2B514DB2E564870003CE9CE /* Assets.xcassets */; };
		C2B514DF2E564870003CE9CE /* Preview Assets.xcassets in Resources */ = {isa = PBXBuildFile; fileRef = C2B514DE2E564870003CE9CE /* Preview Assets.xcassets */; };
		C2FCF57A2E57A9570094096D /* TennisMotion Watch App.app in Embed Watch Content */ = {isa = PBXBuildFile; fileRef = C287A8AF2E54D76C001CC295 /* TennisMotion Watch App.app */; settings = {ATTRIBUTES = (RemoveHeadersOnCopy, ); }; };
/* End PBXBuildFile section */

/* Begin PBXContainerItemProxy section */
		C2FCF57B2E57A9570094096D /* PBXContainerItemProxy */ = {
			isa = PBXContainerItemProxy;
			containerPortal = C287A8A32E54D76B001CC295 /* Project object */;
			proxyType = 1;
			remoteGlobalIDString = C287A8AE2E54D76C001CC295;
			remoteInfo = "TennisMotion Watch App";
		};
/* End PBXContainerItemProxy section */

/* Begin PBXCopyFilesBuildPhase section */
		C2FCF57D2E57A9570094096D /* Embed Watch Content */ = {
			isa = PBXCopyFilesBuildPhase;
			buildActionMask = 2147483647;
			dstPath = "$(CONTENTS_FOLDER_PATH)/Watch";
			dstSubfolderSpec = 16;
			files = (
				C2FCF57A2E57A9570094096D /* TennisMotion Watch App.app in Embed Watch Content */,
			);
			name = "Embed Watch Content";
			runOnlyForDeploymentPostprocessing = 0;
		};
/* End PBXCopyFilesBuildPhase section */

/* Begin PBXFileReference section */
		C287A8AF2E54D76C001CC295 /* TennisMotion Watch App.app */ = {isa = PBXFileReference; explicitFileType = wrapper.application; includeInIndex = 0; path = "TennisMotion Watch App.app"; sourceTree = BUILT_PRODUCTS_DIR; };
		C287A8B42E54D76C001CC295 /* TennisMotionApp.swift */ = {isa = PBXFileReference; lastKnownFileType = sourcecode.swift; path = TennisMotionApp.swift; sourceTree = "<group>"; };
		C287A8B62E54D76C001CC295 /* ContentView.swift */ = {isa = PBXFileReference; lastKnownFileType = sourcecode.swift; path = ContentView.swift; sourceTree = "<group>"; };
		C287A8B82E54D770001CC295 /* Assets.xcassets */ = {isa = PBXFileReference; lastKnownFileType = folder.assetcatalog; path = Assets.xcassets; sourceTree = "<group>"; };
		C287A8BB2E54D770001CC295 /* Preview Assets.xcassets */ = {isa = PBXFileReference; lastKnownFileType = folder.assetcatalog; path = "Preview Assets.xcassets"; sourceTree = "<group>"; };
		C2B514D52E56486D003CE9CE /* TennisMotion iOS App.app */ = {isa = PBXFileReference; explicitFileType = wrapper.application; includeInIndex = 0; path = "TennisMotion iOS App.app"; sourceTree = BUILT_PRODUCTS_DIR; };
		C2B514D72E56486D003CE9CE /* TennisMotion_iOS_AppApp.swift */ = {isa = PBXFileReference; lastKnownFileType = sourcecode.swift; path = TennisMotion_iOS_AppApp.swift; sourceTree = "<group>"; };
		C2B514D92E56486D003CE9CE /* ContentView.swift */ = {isa = PBXFileReference; lastKnownFileType = sourcecode.swift; path = ContentView.swift; sourceTree = "<group>"; };
		C2B514DB2E564870003CE9CE /* Assets.xcassets */ = {isa = PBXFileReference; lastKnownFileType = folder.assetcatalog; path = Assets.xcassets; sourceTree = "<group>"; };
		C2B514DE2E564870003CE9CE /* Preview Assets.xcassets */ = {isa = PBXFileReference; lastKnownFileType = folder.assetcatalog; path = "Preview Assets.xcassets"; sourceTree = "<group>"; };
/* End PBXFileReference section */

/* Begin PBXFrameworksBuildPhase section */
		C287A8AC2E54D76C001CC295 /* Frameworks */ = {
			isa = PBXFrameworksBuildPhase;
			buildActionMask = 2147483647;
			files = (
			);
			runOnlyForDeploymentPostprocessing = 0;
		};
		C2B514D22E56486D003CE9CE /* Frameworks */ = {
			isa = PBXFrameworksBuildPhase;
			buildActionMask = 2147483647;
			files = (
			);
			runOnlyForDeploymentPostprocessing = 0;
		};
/* End PBXFrameworksBuildPhase section */

/* Begin PBXGroup section */
		C287A8A22E54D76B001CC295 = {
			isa = PBXGroup;
			children = (
				C287A8B32E54D76C001CC295 /* TennisMotion Watch App */,
				C2B514D62E56486D003CE9CE /* TennisMotion iOS App */,
				C287A8AA2E54D76C001CC295 /* Products */,
				C2FCF5792E57A9570094096D /* Frameworks */,
			);
			sourceTree = "<group>";
		};
		C287A8AA2E54D76C001CC295 /* Products */ = {
			isa = PBXGroup;
			children = (
				C287A8AF2E54D76C001CC295 /* TennisMotion Watch App.app */,
				C2B514D52E56486D003CE9CE /* TennisMotion iOS App.app */,
			);
			name = Products;
			sourceTree = "<group>";
		};
		C287A8B32E54D76C001CC295 /* TennisMotion Watch App */ = {
			isa = PBXGroup;
			children = (
				C287A8B42E54D76C001CC295 /* TennisMotionApp.swift */,
				C287A8B62E54D76C001CC295 /* ContentView.swift */,
				C287A8B82E54D770001CC295 /* Assets.xcassets */,
				C287A8BA2E54D770001CC295 /* Preview Content */,
			);
			path = "TennisMotion Watch App";
			sourceTree = "<group>";
		};
		C287A8BA2E54D770001CC295 /* Preview Content */ = {
			isa = PBXGroup;
			children = (
				C287A8BB2E54D770001CC295 /* Preview Assets.xcassets */,
			);
			path = "Preview Content";
			sourceTree = "<group>";
		};
		C2B514D62E56486D003CE9CE /* TennisMotion iOS App */ = {
			isa = PBXGroup;
			children = (
				C2B514D72E56486D003CE9CE /* TennisMotion_iOS_AppApp.swift */,
				C2B514D92E56486D003CE9CE /* ContentView.swift */,
				C2B514DB2E564870003CE9CE /* Assets.xcassets */,
				C2B514DD2E564870003CE9CE /* Preview Content */,
			);
			path = "TennisMotion iOS App";
			sourceTree = "<group>";
		};
		C2B514DD2E564870003CE9CE /* Preview Content */ = {
			isa = PBXGroup;
			children = (
				C2B514DE2E564870003CE9CE /* Preview Assets.xcassets */,
			);
			path = "Preview Content";
			sourceTree = "<group>";
		};
		C2FCF5792E57A9570094096D /* Frameworks */ = {
			isa = PBXGroup;
			children = (
			);
			name = Frameworks;
			sourceTree = "<group>";
		};
/* End PBXGroup section */

/* Begin PBXNativeTarget section */
		C287A8AE2E54D76C001CC295 /* TennisMotion Watch App */ = {
			isa = PBXNativeTarget;
			buildConfigurationList = C287A8BF2E54D770001CC295 /* Build configuration list for PBXNativeTarget "TennisMotion Watch App" */;
			buildPhases = (
				C287A8AB2E54D76C001CC295 /* Sources */,
				C287A8AC2E54D76C001CC295 /* Frameworks */,
				C287A8AD2E54D76C001CC295 /* Resources */,
			);
			buildRules = (
			);
			dependencies = (
			);
			name = "TennisMotion Watch App";
			productName = "TennisMotion Watch App";
			productReference = C287A8AF2E54D76C001CC295 /* TennisMotion Watch App.app */;
			productType = "com.apple.product-type.application";
		};
		C2B514D42E56486D003CE9CE /* TennisMotion iOS App */ = {
			isa = PBXNativeTarget;
			buildConfigurationList = C2B514E02E564870003CE9CE /* Build configuration list for PBXNativeTarget "TennisMotion iOS App" */;
			buildPhases = (
				C2B514D12E56486D003CE9CE /* Sources */,
				C2B514D22E56486D003CE9CE /* Frameworks */,
				C2B514D32E56486D003CE9CE /* Resources */,
				C2FCF57D2E57A9570094096D /* Embed Watch Content */,
			);
			buildRules = (
			);
			dependencies = (
				C2FCF57C2E57A9570094096D /* PBXTargetDependency */,
			);
			name = "TennisMotion iOS App";
			productName = "TennisMotion iOS App";
			productReference = C2B514D52E56486D003CE9CE /* TennisMotion iOS App.app */;
			productType = "com.apple.product-type.application";
		};
/* End PBXNativeTarget section */

/* Begin PBXProject section */
		C287A8A32E54D76B001CC295 /* Project object */ = {
			isa = PBXProject;
			attributes = {
				BuildIndependentTargetsInParallel = 1;
				LastSwiftUpdateCheck = 1520;
				LastUpgradeCheck = 1520;
				TargetAttributes = {
					C287A8AE2E54D76C001CC295 = {
						CreatedOnToolsVersion = 15.2;
					};
					C2B514D42E56486D003CE9CE = {
						CreatedOnToolsVersion = 15.2;
					};
				};
			};
			buildConfigurationList = C287A8A62E54D76B001CC295 /* Build configuration list for PBXProject "TennisMotion" */;
			compatibilityVersion = "Xcode 14.0";
			developmentRegion = en;
			hasScannedForEncodings = 0;
			knownRegions = (
				en,
				Base,
			);
			mainGroup = C287A8A22E54D76B001CC295;
			productRefGroup = C287A8AA2E54D76C001CC295 /* Products */;
			projectDirPath = "";
			projectRoot = "";
			targets = (
				C287A8AE2E54D76C001CC295 /* TennisMotion Watch App */,
				C2B514D42E56486D003CE9CE /* TennisMotion iOS App */,
			);
		};
/* End PBXProject section */

/* Begin PBXResourcesBuildPhase section */
		C287A8AD2E54D76C001CC295 /* Resources */ = {
			isa = PBXResourcesBuildPhase;
			buildActionMask = 2147483647;
			files = (
				C287A8BC2E54D770001CC295 /* Preview Assets.xcassets in Resources */,
				C287A8B92E54D770001CC295 /* Assets.xcassets in Resources */,
			);
			runOnlyForDeploymentPostprocessing = 0;
		};
		C2B514D32E56486D003CE9CE /* Resources */ = {
			isa = PBXResourcesBuildPhase;
			buildActionMask = 2147483647;
			files = (
				C2B514DF2E564870003CE9CE /* Preview Assets.xcassets in Resources */,
				C2B514DC2E564870003CE9CE /* Assets.xcassets in Resources */,
			);
			runOnlyForDeploymentPostprocessing = 0;
		};
/* End PBXResourcesBuildPhase section */

/* Begin PBXSourcesBuildPhase section */
		C287A8AB2E54D76C001CC295 /* Sources */ = {
			isa = PBXSourcesBuildPhase;
			buildActionMask = 2147483647;
			files = (
				C287A8B72E54D76C001CC295 /* ContentView.swift in Sources */,
				C287A8B52E54D76C001CC295 /* TennisMotionApp.swift in Sources */,
			);
			runOnlyForDeploymentPostprocessing = 0;
		};
		C2B514D12E56486D003CE9CE /* Sources */ = {
			isa = PBXSourcesBuildPhase;
			buildActionMask = 2147483647;
			files = (
				C2B514DA2E56486D003CE9CE /* ContentView.swift in Sources */,
				C2B514D82E56486D003CE9CE /* TennisMotion_iOS_AppApp.swift in Sources */,
			);
			runOnlyForDeploymentPostprocessing = 0;
		};
/* End PBXSourcesBuildPhase section */

/* Begin PBXTargetDependency section */
		C2FCF57C2E57A9570094096D /* PBXTargetDependency */ = {
			isa = PBXTargetDependency;
			target = C287A8AE2E54D76C001CC295 /* TennisMotion Watch App */;
			targetProxy = C2FCF57B2E57A9570094096D /* PBXContainerItemProxy */;
		};
/* End PBXTargetDependency section */

/* Begin XCBuildConfiguration section */
		C287A8BD2E54D770001CC295 /* Debug */ = {
			isa = XCBuildConfiguration;
			buildSettings = {
				ALWAYS_SEARCH_USER_PATHS = NO;
				ASSETCATALOG_COMPILER_GENERATE_SWIFT_ASSET_SYMBOL_EXTENSIONS = YES;
				CLANG_ANALYZER_NONNULL = YES;
				CLANG_ANALYZER_NUMBER_OBJECT_CONVERSION = YES_AGGRESSIVE;
				CLANG_CXX_LANGUAGE_STANDARD = "gnu++20";
				CLANG_ENABLE_MODULES = YES;
				CLANG_ENABLE_OBJC_ARC = YES;
				CLANG_ENABLE_OBJC_WEAK = YES;
				CLANG_WARN_BLOCK_CAPTURE_AUTORELEASING = YES;
				CLANG_WARN_BOOL_CONVERSION = YES;
				CLANG_WARN_COMMA = YES;
				CLANG_WARN_CONSTANT_CONVERSION = YES;
				CLANG_WARN_DEPRECATED_OBJC_IMPLEMENTATIONS = YES;
				CLANG_WARN_DIRECT_OBJC_ISA_USAGE = YES_ERROR;
				CLANG_WARN_DOCUMENTATION_COMMENTS = YES;
				CLANG_WARN_EMPTY_BODY = YES;
				CLANG_WARN_ENUM_CONVERSION = YES;
				CLANG_WARN_INFINITE_RECURSION = YES;
				CLANG_WARN_INT_CONVERSION = YES;
				CLANG_WARN_NON_LITERAL_NULL_CONVERSION = YES;
				CLANG_WARN_OBJC_IMPLICIT_RETAIN_SELF = YES;
				CLANG_WARN_OBJC_LITERAL_CONVERSION = YES;
				CLANG_WARN_OBJC_ROOT_CLASS = YES_ERROR;
				CLANG_WARN_QUOTED_INCLUDE_IN_FRAMEWORK_HEADER = YES;
				CLANG_WARN_RANGE_LOOP_ANALYSIS = YES;
				CLANG_WARN_STRICT_PROTOTYPES = YES;
				CLANG_WARN_SUSPICIOUS_MOVE = YES;
				CLANG_WARN_UNGUARDED_AVAILABILITY = YES_AGGRESSIVE;
				CLANG_WARN_UNREACHABLE_CODE = YES;
				CLANG_WARN__DUPLICATE_METHOD_MATCH = YES;
				COPY_PHASE_STRIP = NO;
				DEBUG_INFORMATION_FORMAT = dwarf;
				ENABLE_STRICT_OBJC_MSGSEND = YES;
				ENABLE_TESTABILITY = YES;
				ENABLE_USER_SCRIPT_SANDBOXING = YES;
				GCC_C_LANGUAGE_STANDARD = gnu17;
				GCC_DYNAMIC_NO_PIC = NO;
				GCC_NO_COMMON_BLOCKS = YES;
				GCC_OPTIMIZATION_LEVEL = 0;
				GCC_PREPROCESSOR_DEFINITIONS = (
					"DEBUG=1",
					"$(inherited)",
				);
				GCC_WARN_64_TO_32_BIT_CONVERSION = YES;
				GCC_WARN_ABOUT_RETURN_TYPE = YES_ERROR;
				GCC_WARN_UNDECLARED_SELECTOR = YES;
				GCC_WARN_UNINITIALIZED_AUTOS = YES_AGGRESSIVE;
				GCC_WARN_UNUSED_FUNCTION = YES;
				GCC_WARN_UNUSED_VARIABLE = YES;
				LOCALIZATION_PREFERS_STRING_CATALOGS = YES;
				MTL_ENABLE_DEBUG_INFO = INCLUDE_SOURCE;
				MTL_FAST_MATH = YES;
				ONLY_ACTIVE_ARCH = YES;
				SWIFT_ACTIVE_COMPILATION_CONDITIONS = "DEBUG $(inherited)";
				SWIFT_OPTIMIZATION_LEVEL = "-Onone";
			};
			name = Debug;
		};
		C287A8BE2E54D770001CC295 /* Release */ = {
			isa = XCBuildConfiguration;
			buildSettings = {
				ALWAYS_SEARCH_USER_PATHS = NO;
				ASSETCATALOG_COMPILER_GENERATE_SWIFT_ASSET_SYMBOL_EXTENSIONS = YES;
				CLANG_ANALYZER_NONNULL = YES;
				CLANG_ANALYZER_NUMBER_OBJECT_CONVERSION = YES_AGGRESSIVE;
				CLANG_CXX_LANGUAGE_STANDARD = "gnu++20";
				CLANG_ENABLE_MODULES = YES;
				CLANG_ENABLE_OBJC_ARC = YES;
				CLANG_ENABLE_OBJC_WEAK = YES;
				CLANG_WARN_BLOCK_CAPTURE_AUTORELEASING = YES;
				CLANG_WARN_BOOL_CONVERSION = YES;
				CLANG_WARN_COMMA = YES;
				CLANG_WARN_CONSTANT_CONVERSION = YES;
				CLANG_WARN_DEPRECATED_OBJC_IMPLEMENTATIONS = YES;
				CLANG_WARN_DIRECT_OBJC_ISA_USAGE = YES_ERROR;
				CLANG_WARN_DOCUMENTATION_COMMENTS = YES;
				CLANG_WARN_EMPTY_BODY = YES;
				CLANG_WARN_ENUM_CONVERSION = YES;
				CLANG_WARN_INFINITE_RECURSION = YES;
				CLANG_WARN_INT_CONVERSION = YES;
				CLANG_WARN_NON_LITERAL_NULL_CONVERSION = YES;
				CLANG_WARN_OBJC_IMPLICIT_RETAIN_SELF = YES;
				CLANG_WARN_OBJC_LITERAL_CONVERSION = YES;
				CLANG_WARN_OBJC_ROOT_CLASS = YES_ERROR;
				CLANG_WARN_QUOTED_INCLUDE_IN_FRAMEWORK_HEADER = YES;
				CLANG_WARN_RANGE_LOOP_ANALYSIS = YES;
				CLANG_WARN_STRICT_PROTOTYPES = YES;
				CLANG_WARN_SUSPICIOUS_MOVE = YES;
				CLANG_WARN_UNGUARDED_AVAILABILITY = YES_AGGRESSIVE;
				CLANG_WARN_UNREACHABLE_CODE = YES;
				CLANG_WARN__DUPLICATE_METHOD_MATCH = YES;
				COPY_PHASE_STRIP = NO;
				DEBUG_INFORMATION_FORMAT = "dwarf-with-dsym";
				ENABLE_NS_ASSERTIONS = NO;
				ENABLE_STRICT_OBJC_MSGSEND = YES;
				ENABLE_USER_SCRIPT_SANDBOXING = YES;
				GCC_C_LANGUAGE_STANDARD = gnu17;
				GCC_NO_COMMON_BLOCKS = YES;
				GCC_WARN_64_TO_32_BIT_CONVERSION = YES;
				GCC_WARN_ABOUT_RETURN_TYPE = YES_ERROR;
				GCC_WARN_UNDECLARED_SELECTOR = YES;
				GCC_WARN_UNINITIALIZED_AUTOS = YES_AGGRESSIVE;
				GCC_WARN_UNUSED_FUNCTION = YES;
				GCC_WARN_UNUSED_VARIABLE = YES;
				LOCALIZATION_PREFERS_STRING_CATALOGS = YES;
				MTL_ENABLE_DEBUG_INFO = NO;
				MTL_FAST_MATH = YES;
				SWIFT_COMPILATION_MODE = wholemodule;
			};
			name = Release;
		};
		C287A8C02E54D770001CC295 /* Debug */ = {
			isa = XCBuildConfiguration;
			buildSettings = {
				ASSETCATALOG_COMPILER_APPICON_NAME = AppIcon;
				ASSETCATALOG_COMPILER_GLOBAL_ACCENT_COLOR_NAME = AccentColor;
				CODE_SIGN_STYLE = Automatic;
				CURRENT_PROJECT_VERSION = 1;
				DEVELOPMENT_ASSET_PATHS = "\"TennisMotion Watch App/Preview Content\"";
				DEVELOPMENT_TEAM = 3M5WGLTTSC;
				ENABLE_PREVIEWS = YES;
				GENERATE_INFOPLIST_FILE = YES;
				INFOPLIST_KEY_CFBundleDisplayName = TennisMotion;
				INFOPLIST_KEY_UISupportedInterfaceOrientations = "UIInterfaceOrientationPortrait UIInterfaceOrientationPortraitUpsideDown";
				INFOPLIST_KEY_WKCompanionAppBundleIdentifier = "com.github.aashrithkothuri.TennisMotion-iOS-App";
				INFOPLIST_KEY_WKWatchOnly = NO;
				LD_RUNPATH_SEARCH_PATHS = (
					"$(inherited)",
					"@executable_path/Frameworks",
				);
				MARKETING_VERSION = 1.0;
				PRODUCT_BUNDLE_IDENTIFIER = "com.github.aashrithkothuri.TennisMotion-iOS-App.watchkitapp";
				PRODUCT_NAME = "$(TARGET_NAME)";
				SDKROOT = watchos;
				SKIP_INSTALL = YES;
				SWIFT_EMIT_LOC_STRINGS = YES;
				SWIFT_VERSION = 5.0;
				TARGETED_DEVICE_FAMILY = 4;
				WATCHOS_DEPLOYMENT_TARGET = 10.2;
			};
			name = Debug;
		};
		C287A8C12E54D770001CC295 /* Release */ = {
			isa = XCBuildConfiguration;
			buildSettings = {
				ASSETCATALOG_COMPILER_APPICON_NAME = AppIcon;
				ASSETCATALOG_COMPILER_GLOBAL_ACCENT_COLOR_NAME = AccentColor;
				CODE_SIGN_STYLE = Automatic;
				CURRENT_PROJECT_VERSION = 1;
				DEVELOPMENT_ASSET_PATHS = "\"TennisMotion Watch App/Preview Content\"";
				DEVELOPMENT_TEAM = 3M5WGLTTSC;
				ENABLE_PREVIEWS = YES;
				GENERATE_INFOPLIST_FILE = YES;
				INFOPLIST_KEY_CFBundleDisplayName = TennisMotion;
				INFOPLIST_KEY_UISupportedInterfaceOrientations = "UIInterfaceOrientationPortrait UIInterfaceOrientationPortraitUpsideDown";
				INFOPLIST_KEY_WKCompanionAppBundleIdentifier = "com.github.aashrithkothuri.TennisMotion-iOS-App";
				INFOPLIST_KEY_WKWatchOnly = NO;
				LD_RUNPATH_SEARCH_PATHS = (
					"$(inherited)",
					"@executable_path/Frameworks",
				);
				MARKETING_VERSION = 1.0;
				PRODUCT_BUNDLE_IDENTIFIER = "com.github.aashrithkothuri.TennisMotion-iOS-App.watchkitapp";
				PRODUCT_NAME = "$(TARGET_NAME)";
				SDKROOT = watchos;
				SKIP_INSTALL = YES;
				SWIFT_EMIT_LOC_STRINGS = YES;
				SWIFT_VERSION = 5.0;
				TARGETED_DEVICE_FAMILY = 4;
				VALIDATE_PRODUCT = YES;
				WATCHOS_DEPLOYMENT_TARGET = 10.2;
			};
			name = Release;
		};
		C2B514E12E564870003CE9CE /* Debug */ = {
			isa = XCBuildConfiguration;
			buildSettings = {
				ASSETCATALOG_COMPILER_APPICON_NAME = AppIcon;
				ASSETCATALOG_COMPILER_GLOBAL_ACCENT_COLOR_NAME = AccentColor;
				CODE_SIGN_STYLE = Automatic;
				CURRENT_PROJECT_VERSION = 1;
				DEVELOPMENT_ASSET_PATHS = "\"TennisMotion iOS App/Preview Content\"";
				DEVELOPMENT_TEAM = 3M5WGLTTSC;
				ENABLE_PREVIEWS = YES;
				GENERATE_INFOPLIST_FILE = YES;
				INFOPLIST_KEY_UIApplicationSceneManifest_Generation = YES;
				INFOPLIST_KEY_UIApplicationSupportsIndirectInputEvents = YES;
				INFOPLIST_KEY_UILaunchScreen_Generation = YES;
				INFOPLIST_KEY_UISupportedInterfaceOrientations_iPad = "UIInterfaceOrientationPortrait UIInterfaceOrientationPortraitUpsideDown UIInterfaceOrientationLandscapeLeft UIInterfaceOrientationLandscapeRight";
				INFOPLIST_KEY_UISupportedInterfaceOrientations_iPhone = "UIInterfaceOrientationPortrait UIInterfaceOrientationLandscapeLeft UIInterfaceOrientationLandscapeRight";
				IPHONEOS_DEPLOYMENT_TARGET = 17.2;
				LD_RUNPATH_SEARCH_PATHS = (
					"$(inherited)",
					"@executable_path/Frameworks",
				);
				MARKETING_VERSION = 1.0;
				PRODUCT_BUNDLE_IDENTIFIER = "com.github.aashrithkothuri.TennisMotion-iOS-App";
				PRODUCT_NAME = "$(TARGET_NAME)";
				SDKROOT = iphoneos;
				SWIFT_EMIT_LOC_STRINGS = YES;
				SWIFT_VERSION = 5.0;
				TARGETED_DEVICE_FAMILY = "1,2";
			};
			name = Debug;
		};
		C2B514E22E564870003CE9CE /* Release */ = {
			isa = XCBuildConfiguration;
			buildSettings = {
				ASSETCATALOG_COMPILER_APPICON_NAME = AppIcon;
				ASSETCATALOG_COMPILER_GLOBAL_ACCENT_COLOR_NAME = AccentColor;
				CODE_SIGN_STYLE = Automatic;
				CURRENT_PROJECT_VERSION = 1;
				DEVELOPMENT_ASSET_PATHS = "\"TennisMotion iOS App/Preview Content\"";
				DEVELOPMENT_TEAM = 3M5WGLTTSC;
				ENABLE_PREVIEWS = YES;
				GENERATE_INFOPLIST_FILE = YES;
				INFOPLIST_KEY_UIApplicationSceneManifest_Generation = YES;
				INFOPLIST_KEY_UIApplicationSupportsIndirectInputEvents = YES;
				INFOPLIST_KEY_UILaunchScreen_Generation = YES;
				INFOPLIST_KEY_UISupportedInterfaceOrientations_iPad = "UIInterfaceOrientationPortrait UIInterfaceOrientationPortraitUpsideDown UIInterfaceOrientationLandscapeLeft UIInterfaceOrientationLandscapeRight";
				INFOPLIST_KEY_UISupportedInterfaceOrientations_iPhone = "UIInterfaceOrientationPortrait UIInterfaceOrientationLandscapeLeft UIInterfaceOrientationLandscapeRight";
				IPHONEOS_DEPLOYMENT_TARGET = 17.2;
				LD_RUNPATH_SEARCH_PATHS = (
					"$(inherited)",
					"@executable_path/Frameworks",
				);
				MARKETING_VERSION = 1.0;
				PRODUCT_BUNDLE_IDENTIFIER = "com.github.aashrithkothuri.TennisMotion-iOS-App";
				PRODUCT_NAME = "$(TARGET_NAME)";
				SDKROOT = iphoneos;
				SWIFT_EMIT_LOC_STRINGS = YES;
				SWIFT_VERSION = 5.0;
				TARGETED_DEVICE_FAMILY = "1,2";
				VALIDATE_PRODUCT = YES;
			};
			name = Release;
		};
/* End XCBuildConfiguration section */

/* Begin XCConfigurationList section */
		C287A8A62E54D76B001CC295 /* Build configuration list for PBXProject "TennisMotion" */ = {
			isa = XCConfigurationList;
			buildConfigurations = (
				C287A8BD2E54D770001CC295 /* Debug */,
				C287A8BE2E54D770001CC295 /* Release */,
			);
			defaultConfigurationIsVisible = 0;
			defaultConfigurationName = Release;
		};
		C287A8BF2E54D770001CC295 /* Build configuration list for PBXNativeTarget "TennisMotion Watch App" */ = {
			isa = XCConfigurationList;
			buildConfigurations = (
				C287A8C02E54D770001CC295 /* Debug */,
				C287A8C12E54D770001CC295 /* Release */,
			);
			defaultConfigurationIsVisible = 0;
			defaultConfigurationName = Release;
		};
		C2B514E02E564870003CE9CE /* Build configuration list for PBXNativeTarget "TennisMotion iOS App" */ = {
			isa = XCConfigurationList;
			buildConfigurations = (
				C2B514E12E564870003CE9CE /* Debug */,
				C2B514E22E564870003CE9CE /* Release */,
			);
			defaultConfigurationIsVisible = 0;
			defaultConfigurationName = Release;
		};
/* End XCConfigurationList section */
	};
	rootObject = C287A8A32E54D76B001CC295 /* Project object */;
}
